// !$*UTF8*$!
{
	archiveVersion = 1;
	classes = {
	};
	objectVersion = 55;
	objects = {

/* Begin PBXBuildFile section */
		3201DAD19503762BA08C0432 /* libPods-ReduxDemoCore.a in Frameworks */ = {isa = PBXBuildFile; fileRef = 15BDB132D67724E9EB7591D7 /* libPods-ReduxDemoCore.a */; };
		7D24DACA28A6B0DD001095DD /* Store.swift in Sources */ = {isa = PBXBuildFile; fileRef = 7D24DAC928A6B0DD001095DD /* Store.swift */; };
		7D24DACC28A6B0E5001095DD /* AppState.swift in Sources */ = {isa = PBXBuildFile; fileRef = 7D24DACB28A6B0E5001095DD /* AppState.swift */; };
		7D24DAE328AAF0FF001095DD /* RoutingState.swift in Sources */ = {isa = PBXBuildFile; fileRef = 7D24DAE228AAF0FF001095DD /* RoutingState.swift */; };
		7D24DAEA28AB03B2001095DD /* ItemsListState.swift in Sources */ = {isa = PBXBuildFile; fileRef = 7D24DAE928AB03B2001095DD /* ItemsListState.swift */; };
		7D24DAED28ABB77F001095DD /* Middleware.swift in Sources */ = {isa = PBXBuildFile; fileRef = 7D24DAEC28ABB77F001095DD /* Middleware.swift */; };
		7D24DAEF28ABBB9D001095DD /* RoutingMiddleware.swift in Sources */ = {isa = PBXBuildFile; fileRef = 7D24DAEE28ABBB9D001095DD /* RoutingMiddleware.swift */; };
		7D24DAF128ABBFC6001095DD /* ItemDetailsState.swift in Sources */ = {isa = PBXBuildFile; fileRef = 7D24DAF028ABBFC6001095DD /* ItemDetailsState.swift */; };
		7D83E0C528B7C4100020CD20 /* AlertState.swift in Sources */ = {isa = PBXBuildFile; fileRef = 7D83E0C428B7C4100020CD20 /* AlertState.swift */; };
/* End PBXBuildFile section */

/* Begin PBXFileReference section */
		15BDB132D67724E9EB7591D7 /* libPods-ReduxDemoCore.a */ = {isa = PBXFileReference; explicitFileType = archive.ar; includeInIndex = 0; path = "libPods-ReduxDemoCore.a"; sourceTree = BUILT_PRODUCTS_DIR; };
		5D769A5B4F7DC6CF34CB980C /* Pods-ReduxDemoCore.debug.xcconfig */ = {isa = PBXFileReference; includeInIndex = 1; lastKnownFileType = text.xcconfig; name = "Pods-ReduxDemoCore.debug.xcconfig"; path = "Target Support Files/Pods-ReduxDemoCore/Pods-ReduxDemoCore.debug.xcconfig"; sourceTree = "<group>"; };
		7D24DABD28A6B09F001095DD /* ReduxDemoCore.framework */ = {isa = PBXFileReference; explicitFileType = wrapper.framework; includeInIndex = 0; path = ReduxDemoCore.framework; sourceTree = BUILT_PRODUCTS_DIR; };
		7D24DAC928A6B0DD001095DD /* Store.swift */ = {isa = PBXFileReference; lastKnownFileType = sourcecode.swift; path = Store.swift; sourceTree = "<group>"; };
		7D24DACB28A6B0E5001095DD /* AppState.swift */ = {isa = PBXFileReference; lastKnownFileType = sourcecode.swift; path = AppState.swift; sourceTree = "<group>"; };
		7D24DAD928A6B21F001095DD /* ReSwift.framework */ = {isa = PBXFileReference; explicitFileType = wrapper.framework; path = ReSwift.framework; sourceTree = BUILT_PRODUCTS_DIR; };
		7D24DAE228AAF0FF001095DD /* RoutingState.swift */ = {isa = PBXFileReference; lastKnownFileType = sourcecode.swift; path = RoutingState.swift; sourceTree = "<group>"; };
		7D24DAE928AB03B2001095DD /* ItemsListState.swift */ = {isa = PBXFileReference; lastKnownFileType = sourcecode.swift; path = ItemsListState.swift; sourceTree = "<group>"; };
		7D24DAEC28ABB77F001095DD /* Middleware.swift */ = {isa = PBXFileReference; lastKnownFileType = sourcecode.swift; path = Middleware.swift; sourceTree = "<group>"; };
		7D24DAEE28ABBB9D001095DD /* RoutingMiddleware.swift */ = {isa = PBXFileReference; lastKnownFileType = sourcecode.swift; path = RoutingMiddleware.swift; sourceTree = "<group>"; };
		7D24DAF028ABBFC6001095DD /* ItemDetailsState.swift */ = {isa = PBXFileReference; lastKnownFileType = sourcecode.swift; path = ItemDetailsState.swift; sourceTree = "<group>"; };
		7D83E0C428B7C4100020CD20 /* AlertState.swift */ = {isa = PBXFileReference; lastKnownFileType = sourcecode.swift; path = AlertState.swift; sourceTree = "<group>"; };
		92516661857CF17054F98C90 /* Pods-ReduxDemoCore.release.xcconfig */ = {isa = PBXFileReference; includeInIndex = 1; lastKnownFileType = text.xcconfig; name = "Pods-ReduxDemoCore.release.xcconfig"; path = "Target Support Files/Pods-ReduxDemoCore/Pods-ReduxDemoCore.release.xcconfig"; sourceTree = "<group>"; };
/* End PBXFileReference section */

/* Begin PBXFrameworksBuildPhase section */
		7D24DABA28A6B09F001095DD /* Frameworks */ = {
			isa = PBXFrameworksBuildPhase;
			buildActionMask = 2147483647;
			files = (
				3201DAD19503762BA08C0432 /* libPods-ReduxDemoCore.a in Frameworks */,
			);
			runOnlyForDeploymentPostprocessing = 0;
		};
/* End PBXFrameworksBuildPhase section */

/* Begin PBXGroup section */
		13E591D66668D82FE76DEC6D /* Pods */ = {
			isa = PBXGroup;
			children = (
				5D769A5B4F7DC6CF34CB980C /* Pods-ReduxDemoCore.debug.xcconfig */,
				92516661857CF17054F98C90 /* Pods-ReduxDemoCore.release.xcconfig */,
			);
			name = Pods;
			path = ../../Pods;
			sourceTree = "<group>";
		};
		7D24DAB328A6B09F001095DD = {
			isa = PBXGroup;
			children = (
				7D24DABF28A6B09F001095DD /* ReduxDemoCore */,
				7D24DABE28A6B09F001095DD /* Products */,
				7D24DAD828A6B21F001095DD /* Frameworks */,
				13E591D66668D82FE76DEC6D /* Pods */,
			);
			sourceTree = "<group>";
		};
		7D24DABE28A6B09F001095DD /* Products */ = {
			isa = PBXGroup;
			children = (
				7D24DABD28A6B09F001095DD /* ReduxDemoCore.framework */,
			);
			name = Products;
			sourceTree = "<group>";
		};
		7D24DABF28A6B09F001095DD /* ReduxDemoCore */ = {
			isa = PBXGroup;
			children = (
				7D24DAC728A6B0C9001095DD /* Redux */,
			);
			path = ReduxDemoCore;
			sourceTree = "<group>";
		};
		7D24DAC728A6B0C9001095DD /* Redux */ = {
			isa = PBXGroup;
			children = (
				7D24DAC828A6B0D0001095DD /* State */,
				7D24DAEB28ABB750001095DD /* Middleware */,
				7D24DAC928A6B0DD001095DD /* Store.swift */,
			);
			path = Redux;
			sourceTree = "<group>";
		};
		7D24DAC828A6B0D0001095DD /* State */ = {
			isa = PBXGroup;
			children = (
				7D24DACB28A6B0E5001095DD /* AppState.swift */,
				7D83E0C328B7C3FE0020CD20 /* RoutingState */,
				7D24DAE928AB03B2001095DD /* ItemsListState.swift */,
				7D24DAF028ABBFC6001095DD /* ItemDetailsState.swift */,
			);
			path = State;
			sourceTree = "<group>";
		};
		7D24DAD828A6B21F001095DD /* Frameworks */ = {
			isa = PBXGroup;
			children = (
				7D24DAD928A6B21F001095DD /* ReSwift.framework */,
				15BDB132D67724E9EB7591D7 /* libPods-ReduxDemoCore.a */,
			);
			name = Frameworks;
			sourceTree = "<group>";
		};
		7D24DAEB28ABB750001095DD /* Middleware */ = {
			isa = PBXGroup;
			children = (
				7D24DAEE28ABBB9D001095DD /* RoutingMiddleware.swift */,
				7D24DAEC28ABB77F001095DD /* Middleware.swift */,
			);
			path = Middleware;
			sourceTree = "<group>";
		};
		7D83E0C328B7C3FE0020CD20 /* RoutingState */ = {
			isa = PBXGroup;
			children = (
				7D24DAE228AAF0FF001095DD /* RoutingState.swift */,
				7D83E0C428B7C4100020CD20 /* AlertState.swift */,
			);
			path = RoutingState;
			sourceTree = "<group>";
		};
/* End PBXGroup section */

/* Begin PBXHeadersBuildPhase section */
		7D24DAB828A6B09F001095DD /* Headers */ = {
			isa = PBXHeadersBuildPhase;
			buildActionMask = 2147483647;
			files = (
			);
			runOnlyForDeploymentPostprocessing = 0;
		};
/* End PBXHeadersBuildPhase section */

/* Begin PBXNativeTarget section */
		7D24DABC28A6B09F001095DD /* ReduxDemoCore */ = {
			isa = PBXNativeTarget;
			buildConfigurationList = 7D24DAC428A6B09F001095DD /* Build configuration list for PBXNativeTarget "ReduxDemoCore" */;
			buildPhases = (
				36BDD9C4C931611535B68586 /* [CP] Check Pods Manifest.lock */,
				7D24DAB828A6B09F001095DD /* Headers */,
				7D24DAB928A6B09F001095DD /* Sources */,
				7D24DABA28A6B09F001095DD /* Frameworks */,
				7D24DABB28A6B09F001095DD /* Resources */,
			);
			buildRules = (
			);
			dependencies = (
			);
			name = ReduxDemoCore;
			productName = ReduxDemoCore;
			productReference = 7D24DABD28A6B09F001095DD /* ReduxDemoCore.framework */;
			productType = "com.apple.product-type.framework";
		};
/* End PBXNativeTarget section */

/* Begin PBXProject section */
		7D24DAB428A6B09F001095DD /* Project object */ = {
			isa = PBXProject;
			attributes = {
				BuildIndependentTargetsInParallel = 1;
				LastUpgradeCheck = 1340;
				TargetAttributes = {
					7D24DABC28A6B09F001095DD = {
						CreatedOnToolsVersion = 13.4.1;
						LastSwiftMigration = 1340;
					};
				};
			};
			buildConfigurationList = 7D24DAB728A6B09F001095DD /* Build configuration list for PBXProject "ReduxDemoCore" */;
			compatibilityVersion = "Xcode 13.0";
			developmentRegion = en;
			hasScannedForEncodings = 0;
			knownRegions = (
				en,
				Base,
			);
			mainGroup = 7D24DAB328A6B09F001095DD;
			productRefGroup = 7D24DABE28A6B09F001095DD /* Products */;
			projectDirPath = "";
			projectRoot = "";
			targets = (
				7D24DABC28A6B09F001095DD /* ReduxDemoCore */,
			);
		};
/* End PBXProject section */

/* Begin PBXResourcesBuildPhase section */
		7D24DABB28A6B09F001095DD /* Resources */ = {
			isa = PBXResourcesBuildPhase;
			buildActionMask = 2147483647;
			files = (
			);
			runOnlyForDeploymentPostprocessing = 0;
		};
/* End PBXResourcesBuildPhase section */

/* Begin PBXShellScriptBuildPhase section */
		36BDD9C4C931611535B68586 /* [CP] Check Pods Manifest.lock */ = {
			isa = PBXShellScriptBuildPhase;
			buildActionMask = 2147483647;
			files = (
			);
			inputFileListPaths = (
			);
			inputPaths = (
				"${PODS_PODFILE_DIR_PATH}/Podfile.lock",
				"${PODS_ROOT}/Manifest.lock",
			);
			name = "[CP] Check Pods Manifest.lock";
			outputFileListPaths = (
			);
			outputPaths = (
				"$(DERIVED_FILE_DIR)/Pods-ReduxDemoCore-checkManifestLockResult.txt",
			);
			runOnlyForDeploymentPostprocessing = 0;
			shellPath = /bin/sh;
			shellScript = "diff \"${PODS_PODFILE_DIR_PATH}/Podfile.lock\" \"${PODS_ROOT}/Manifest.lock\" > /dev/null\nif [ $? != 0 ] ; then\n    # print error to STDERR\n    echo \"error: The sandbox is not in sync with the Podfile.lock. Run 'pod install' or update your CocoaPods installation.\" >&2\n    exit 1\nfi\n# This output is used by Xcode 'outputs' to avoid re-running this script phase.\necho \"SUCCESS\" > \"${SCRIPT_OUTPUT_FILE_0}\"\n";
			showEnvVarsInLog = 0;
		};
/* End PBXShellScriptBuildPhase section */

/* Begin PBXSourcesBuildPhase section */
		7D24DAB928A6B09F001095DD /* Sources */ = {
			isa = PBXSourcesBuildPhase;
			buildActionMask = 2147483647;
			files = (
				7D24DAF128ABBFC6001095DD /* ItemDetailsState.swift in Sources */,
				7D24DAED28ABB77F001095DD /* Middleware.swift in Sources */,
				7D24DAE328AAF0FF001095DD /* RoutingState.swift in Sources */,
				7D24DACA28A6B0DD001095DD /* Store.swift in Sources */,
				7D83E0C528B7C4100020CD20 /* AlertState.swift in Sources */,
				7D24DAEA28AB03B2001095DD /* ItemsListState.swift in Sources */,
				7D24DAEF28ABBB9D001095DD /* RoutingMiddleware.swift in Sources */,
				7D24DACC28A6B0E5001095DD /* AppState.swift in Sources */,
			);
			runOnlyForDeploymentPostprocessing = 0;
		};
/* End PBXSourcesBuildPhase section */

/* Begin XCBuildConfiguration section */
		7D24DAC228A6B09F001095DD /* Debug */ = {
			isa = XCBuildConfiguration;
			buildSettings = {
				ALWAYS_SEARCH_USER_PATHS = NO;
				CLANG_ANALYZER_NONNULL = YES;
				CLANG_ANALYZER_NUMBER_OBJECT_CONVERSION = YES_AGGRESSIVE;
				CLANG_CXX_LANGUAGE_STANDARD = "gnu++17";
				CLANG_ENABLE_MODULES = YES;
				CLANG_ENABLE_OBJC_ARC = YES;
				CLANG_ENABLE_OBJC_WEAK = YES;
				CLANG_WARN_BLOCK_CAPTURE_AUTORELEASING = YES;
				CLANG_WARN_BOOL_CONVERSION = YES;
				CLANG_WARN_COMMA = YES;
				CLANG_WARN_CONSTANT_CONVERSION = YES;
				CLANG_WARN_DEPRECATED_OBJC_IMPLEMENTATIONS = YES;
				CLANG_WARN_DIRECT_OBJC_ISA_USAGE = YES_ERROR;
				CLANG_WARN_DOCUMENTATION_COMMENTS = YES;
				CLANG_WARN_EMPTY_BODY = YES;
				CLANG_WARN_ENUM_CONVERSION = YES;
				CLANG_WARN_INFINITE_RECURSION = YES;
				CLANG_WARN_INT_CONVERSION = YES;
				CLANG_WARN_NON_LITERAL_NULL_CONVERSION = YES;
				CLANG_WARN_OBJC_IMPLICIT_RETAIN_SELF = YES;
				CLANG_WARN_OBJC_LITERAL_CONVERSION = YES;
				CLANG_WARN_OBJC_ROOT_CLASS = YES_ERROR;
				CLANG_WARN_QUOTED_INCLUDE_IN_FRAMEWORK_HEADER = YES;
				CLANG_WARN_RANGE_LOOP_ANALYSIS = YES;
				CLANG_WARN_STRICT_PROTOTYPES = YES;
				CLANG_WARN_SUSPICIOUS_MOVE = YES;
				CLANG_WARN_UNGUARDED_AVAILABILITY = YES_AGGRESSIVE;
				CLANG_WARN_UNREACHABLE_CODE = YES;
				CLANG_WARN__DUPLICATE_METHOD_MATCH = YES;
				COPY_PHASE_STRIP = NO;
				CURRENT_PROJECT_VERSION = 1;
				DEBUG_INFORMATION_FORMAT = dwarf;
				ENABLE_STRICT_OBJC_MSGSEND = YES;
				ENABLE_TESTABILITY = YES;
				GCC_C_LANGUAGE_STANDARD = gnu11;
				GCC_DYNAMIC_NO_PIC = NO;
				GCC_NO_COMMON_BLOCKS = YES;
				GCC_OPTIMIZATION_LEVEL = 0;
				GCC_PREPROCESSOR_DEFINITIONS = (
					"DEBUG=1",
					"$(inherited)",
				);
				GCC_WARN_64_TO_32_BIT_CONVERSION = YES;
				GCC_WARN_ABOUT_RETURN_TYPE = YES_ERROR;
				GCC_WARN_UNDECLARED_SELECTOR = YES;
				GCC_WARN_UNINITIALIZED_AUTOS = YES_AGGRESSIVE;
				GCC_WARN_UNUSED_FUNCTION = YES;
				GCC_WARN_UNUSED_VARIABLE = YES;
				IPHONEOS_DEPLOYMENT_TARGET = 15.5;
				MTL_ENABLE_DEBUG_INFO = INCLUDE_SOURCE;
				MTL_FAST_MATH = YES;
				ONLY_ACTIVE_ARCH = YES;
				SDKROOT = iphoneos;
				SWIFT_ACTIVE_COMPILATION_CONDITIONS = DEBUG;
				SWIFT_OPTIMIZATION_LEVEL = "-Onone";
				VERSIONING_SYSTEM = "apple-generic";
				VERSION_INFO_PREFIX = "";
			};
			name = Debug;
		};
		7D24DAC328A6B09F001095DD /* Release */ = {
			isa = XCBuildConfiguration;
			buildSettings = {
				ALWAYS_SEARCH_USER_PATHS = NO;
				CLANG_ANALYZER_NONNULL = YES;
				CLANG_ANALYZER_NUMBER_OBJECT_CONVERSION = YES_AGGRESSIVE;
				CLANG_CXX_LANGUAGE_STANDARD = "gnu++17";
				CLANG_ENABLE_MODULES = YES;
				CLANG_ENABLE_OBJC_ARC = YES;
				CLANG_ENABLE_OBJC_WEAK = YES;
				CLANG_WARN_BLOCK_CAPTURE_AUTORELEASING = YES;
				CLANG_WARN_BOOL_CONVERSION = YES;
				CLANG_WARN_COMMA = YES;
				CLANG_WARN_CONSTANT_CONVERSION = YES;
				CLANG_WARN_DEPRECATED_OBJC_IMPLEMENTATIONS = YES;
				CLANG_WARN_DIRECT_OBJC_ISA_USAGE = YES_ERROR;
				CLANG_WARN_DOCUMENTATION_COMMENTS = YES;
				CLANG_WARN_EMPTY_BODY = YES;
				CLANG_WARN_ENUM_CONVERSION = YES;
				CLANG_WARN_INFINITE_RECURSION = YES;
				CLANG_WARN_INT_CONVERSION = YES;
				CLANG_WARN_NON_LITERAL_NULL_CONVERSION = YES;
				CLANG_WARN_OBJC_IMPLICIT_RETAIN_SELF = YES;
				CLANG_WARN_OBJC_LITERAL_CONVERSION = YES;
				CLANG_WARN_OBJC_ROOT_CLASS = YES_ERROR;
				CLANG_WARN_QUOTED_INCLUDE_IN_FRAMEWORK_HEADER = YES;
				CLANG_WARN_RANGE_LOOP_ANALYSIS = YES;
				CLANG_WARN_STRICT_PROTOTYPES = YES;
				CLANG_WARN_SUSPICIOUS_MOVE = YES;
				CLANG_WARN_UNGUARDED_AVAILABILITY = YES_AGGRESSIVE;
				CLANG_WARN_UNREACHABLE_CODE = YES;
				CLANG_WARN__DUPLICATE_METHOD_MATCH = YES;
				COPY_PHASE_STRIP = NO;
				CURRENT_PROJECT_VERSION = 1;
				DEBUG_INFORMATION_FORMAT = "dwarf-with-dsym";
				ENABLE_NS_ASSERTIONS = NO;
				ENABLE_STRICT_OBJC_MSGSEND = YES;
				GCC_C_LANGUAGE_STANDARD = gnu11;
				GCC_NO_COMMON_BLOCKS = YES;
				GCC_WARN_64_TO_32_BIT_CONVERSION = YES;
				GCC_WARN_ABOUT_RETURN_TYPE = YES_ERROR;
				GCC_WARN_UNDECLARED_SELECTOR = YES;
				GCC_WARN_UNINITIALIZED_AUTOS = YES_AGGRESSIVE;
				GCC_WARN_UNUSED_FUNCTION = YES;
				GCC_WARN_UNUSED_VARIABLE = YES;
				IPHONEOS_DEPLOYMENT_TARGET = 15.5;
				MTL_ENABLE_DEBUG_INFO = NO;
				MTL_FAST_MATH = YES;
				SDKROOT = iphoneos;
				SWIFT_COMPILATION_MODE = wholemodule;
				SWIFT_OPTIMIZATION_LEVEL = "-O";
				VALIDATE_PRODUCT = YES;
				VERSIONING_SYSTEM = "apple-generic";
				VERSION_INFO_PREFIX = "";
			};
			name = Release;
		};
		7D24DAC528A6B09F001095DD /* Debug */ = {
			isa = XCBuildConfiguration;
			baseConfigurationReference = 5D769A5B4F7DC6CF34CB980C /* Pods-ReduxDemoCore.debug.xcconfig */;
			buildSettings = {
				CLANG_ENABLE_MODULES = YES;
				CODE_SIGN_STYLE = Automatic;
				CURRENT_PROJECT_VERSION = 1;
				DEFINES_MODULE = YES;
				DYLIB_COMPATIBILITY_VERSION = 1;
				DYLIB_CURRENT_VERSION = 1;
				DYLIB_INSTALL_NAME_BASE = "@rpath";
				GENERATE_INFOPLIST_FILE = YES;
				INFOPLIST_KEY_NSHumanReadableCopyright = "";
				INSTALL_PATH = "$(LOCAL_LIBRARY_DIR)/Frameworks";
				LD_RUNPATH_SEARCH_PATHS = (
					"$(inherited)",
					"@executable_path/Frameworks",
					"@loader_path/Frameworks",
				);
				MARKETING_VERSION = 1.0;
				PRODUCT_BUNDLE_IDENTIFIER = com.nikita.krupiei.ReduxDemoCore;
				PRODUCT_NAME = "$(TARGET_NAME:c99extidentifier)";
				SKIP_INSTALL = YES;
				SWIFT_EMIT_LOC_STRINGS = YES;
				SWIFT_OPTIMIZATION_LEVEL = "-Onone";
				SWIFT_VERSION = 5.0;
				TARGETED_DEVICE_FAMILY = "1,2";
			};
			name = Debug;
		};
		7D24DAC628A6B09F001095DD /* Release */ = {
			isa = XCBuildConfiguration;
			baseConfigurationReference = 92516661857CF17054F98C90 /* Pods-ReduxDemoCore.release.xcconfig */;
			buildSettings = {
				CLANG_ENABLE_MODULES = YES;
				CODE_SIGN_STYLE = Automatic;
				CURRENT_PROJECT_VERSION = 1;
				DEFINES_MODULE = YES;
				DYLIB_COMPATIBILITY_VERSION = 1;
				DYLIB_CURRENT_VERSION = 1;
				DYLIB_INSTALL_NAME_BASE = "@rpath";
				GENERATE_INFOPLIST_FILE = YES;
				INFOPLIST_KEY_NSHumanReadableCopyright = "";
				INSTALL_PATH = "$(LOCAL_LIBRARY_DIR)/Frameworks";
				LD_RUNPATH_SEARCH_PATHS = (
					"$(inherited)",
					"@executable_path/Frameworks",
					"@loader_path/Frameworks",
				);
				MARKETING_VERSION = 1.0;
				PRODUCT_BUNDLE_IDENTIFIER = com.nikita.krupiei.ReduxDemoCore;
				PRODUCT_NAME = "$(TARGET_NAME:c99extidentifier)";
				SKIP_INSTALL = YES;
				SWIFT_EMIT_LOC_STRINGS = YES;
				SWIFT_VERSION = 5.0;
				TARGETED_DEVICE_FAMILY = "1,2";
			};
			name = Release;
		};
/* End XCBuildConfiguration section */

/* Begin XCConfigurationList section */
		7D24DAB728A6B09F001095DD /* Build configuration list for PBXProject "ReduxDemoCore" */ = {
			isa = XCConfigurationList;
			buildConfigurations = (
				7D24DAC228A6B09F001095DD /* Debug */,
				7D24DAC328A6B09F001095DD /* Release */,
			);
			defaultConfigurationIsVisible = 0;
			defaultConfigurationName = Release;
		};
		7D24DAC428A6B09F001095DD /* Build configuration list for PBXNativeTarget "ReduxDemoCore" */ = {
			isa = XCConfigurationList;
			buildConfigurations = (
				7D24DAC528A6B09F001095DD /* Debug */,
				7D24DAC628A6B09F001095DD /* Release */,
			);
			defaultConfigurationIsVisible = 0;
			defaultConfigurationName = Release;
		};
/* End XCConfigurationList section */
	};
	rootObject = 7D24DAB428A6B09F001095DD /* Project object */;
}
